
Microsoft Visual Studio Solution File, Format Version 12.00
# Visual Studio Version 16
VisualStudioVersion = 16.0.30128.74
MinimumVisualStudioVersion = 10.0.40219.1
Project("{FAE04EC0-301F-11D3-BF4B-00C04F79EFBC}") = "myFirstSmartphone", "myFirstSmartphone.csproj", "{3C1EB375-902D-438C-A72D-52EFC2DFA7FD}"
EndProject
Global
	GlobalSection(SolutionConfigurationPlatforms) = preSolution
		Debug|Any CPU = Debug|Any CPU
		Release|Any CPU = Release|Any CPU
	EndGlobalSection
	GlobalSection(ProjectConfigurationPlatforms) = postSolution
		{3C1EB375-902D-438C-A72D-52EFC2DFA7FD}.Debug|Any CPU.ActiveCfg = Debug|Any CPU
		{3C1EB375-902D-438C-A72D-52EFC2DFA7FD}.Debug|Any CPU.Build.0 = Debug|Any CPU
		{3C1EB375-902D-438C-A72D-52EFC2DFA7FD}.Release|Any CPU.ActiveCfg = Release|Any CPU
		{3C1EB375-902D-438C-A72D-52EFC2DFA7FD}.Release|Any CPU.Build.0 = Release|Any CPU
	EndGlobalSection
	GlobalSection(SolutionProperties) = preSolution
		HideSolutionNode = FALSE
	EndGlobalSection
	GlobalSection(ExtensibilityGlobals) = postSolution
		SolutionGuid = {540307C8-4D1A-4308-BF88-5E900B547510}
	EndGlobalSection
EndGlobal
