
Microsoft Visual Studio Solution File, Format Version 12.00
# Visual Studio Version 16
VisualStudioVersion = 16.0.30128.74
MinimumVisualStudioVersion = 10.0.40219.1
Project("{FAE04EC0-301F-11D3-BF4B-00C04F79EFBC}") = "Vier_gewinnt", "Vier_gewinnt.csproj", "{164F4DDD-6595-4E96-BD01-1B93FA910530}"
EndProject
Project("{FAE04EC0-301F-11D3-BF4B-00C04F79EFBC}") = "Vier_gewinnt_Logic", "..\Vier_gewinnt_Logic\Vier_gewinnt_Logic.csproj", "{586C20DF-027F-4BEB-AA6E-33082364021F}"
EndProject
Global
	GlobalSection(SolutionConfigurationPlatforms) = preSolution
		Debug|Any CPU = Debug|Any CPU
		Release|Any CPU = Release|Any CPU
	EndGlobalSection
	GlobalSection(ProjectConfigurationPlatforms) = postSolution
		{164F4DDD-6595-4E96-BD01-1B93FA910530}.Debug|Any CPU.ActiveCfg = Debug|Any CPU
		{164F4DDD-6595-4E96-BD01-1B93FA910530}.Debug|Any CPU.Build.0 = Debug|Any CPU
		{164F4DDD-6595-4E96-BD01-1B93FA910530}.Release|Any CPU.ActiveCfg = Release|Any CPU
		{164F4DDD-6595-4E96-BD01-1B93FA910530}.Release|Any CPU.Build.0 = Release|Any CPU
		{586C20DF-027F-4BEB-AA6E-33082364021F}.Debug|Any CPU.ActiveCfg = Debug|Any CPU
		{586C20DF-027F-4BEB-AA6E-33082364021F}.Debug|Any CPU.Build.0 = Debug|Any CPU
		{586C20DF-027F-4BEB-AA6E-33082364021F}.Release|Any CPU.ActiveCfg = Release|Any CPU
		{586C20DF-027F-4BEB-AA6E-33082364021F}.Release|Any CPU.Build.0 = Release|Any CPU
	EndGlobalSection
	GlobalSection(SolutionProperties) = preSolution
		HideSolutionNode = FALSE
	EndGlobalSection
	GlobalSection(ExtensibilityGlobals) = postSolution
		SolutionGuid = {D827764B-77EA-4A3F-8E45-F6BD38F883C1}
	EndGlobalSection
EndGlobal
