
Microsoft Visual Studio Solution File, Format Version 12.00
# Visual Studio Version 16
VisualStudioVersion = 16.0.30128.74
MinimumVisualStudioVersion = 10.0.40219.1
Project("{FAE04EC0-301F-11D3-BF4B-00C04F79EFBC}") = "Cars", "Cars.csproj", "{C419029F-1482-4813-B538-5EB90E5666C1}"
EndProject
Global
	GlobalSection(SolutionConfigurationPlatforms) = preSolution
		Debug|Any CPU = Debug|Any CPU
		Release|Any CPU = Release|Any CPU
	EndGlobalSection
	GlobalSection(ProjectConfigurationPlatforms) = postSolution
		{C419029F-1482-4813-B538-5EB90E5666C1}.Debug|Any CPU.ActiveCfg = Debug|Any CPU
		{C419029F-1482-4813-B538-5EB90E5666C1}.Debug|Any CPU.Build.0 = Debug|Any CPU
		{C419029F-1482-4813-B538-5EB90E5666C1}.Release|Any CPU.ActiveCfg = Release|Any CPU
		{C419029F-1482-4813-B538-5EB90E5666C1}.Release|Any CPU.Build.0 = Release|Any CPU
	EndGlobalSection
	GlobalSection(SolutionProperties) = preSolution
		HideSolutionNode = FALSE
	EndGlobalSection
	GlobalSection(ExtensibilityGlobals) = postSolution
		SolutionGuid = {3926BCDD-3069-4B41-BC1A-6AD721A5ADC1}
	EndGlobalSection
EndGlobal
