
Microsoft Visual Studio Solution File, Format Version 12.00
# Visual Studio Version 16
VisualStudioVersion = 16.0.30128.74
MinimumVisualStudioVersion = 10.0.40219.1
Project("{FAE04EC0-301F-11D3-BF4B-00C04F79EFBC}") = "Abteilungsbaum", "Abteilungsbaum.csproj", "{119AA2BD-BA2C-41E6-B550-961E38B97FFE}"
EndProject
Project("{FAE04EC0-301F-11D3-BF4B-00C04F79EFBC}") = "AbteilungsbaumData", "..\AbteilungsbaumData\AbteilungsbaumData.csproj", "{8F5A861C-574B-4DB0-B9C8-D78E18878A56}"
EndProject
Project("{FAE04EC0-301F-11D3-BF4B-00C04F79EFBC}") = "AbteilungsbaumLogic", "..\AbteilungsbaumLogic\AbteilungsbaumLogic.csproj", "{C07141B9-96A4-4128-AF0E-E80AF91631C5}"
EndProject
Global
	GlobalSection(SolutionConfigurationPlatforms) = preSolution
		Debug|Any CPU = Debug|Any CPU
		Release|Any CPU = Release|Any CPU
	EndGlobalSection
	GlobalSection(ProjectConfigurationPlatforms) = postSolution
		{119AA2BD-BA2C-41E6-B550-961E38B97FFE}.Debug|Any CPU.ActiveCfg = Debug|Any CPU
		{119AA2BD-BA2C-41E6-B550-961E38B97FFE}.Debug|Any CPU.Build.0 = Debug|Any CPU
		{119AA2BD-BA2C-41E6-B550-961E38B97FFE}.Release|Any CPU.ActiveCfg = Release|Any CPU
		{119AA2BD-BA2C-41E6-B550-961E38B97FFE}.Release|Any CPU.Build.0 = Release|Any CPU
		{8F5A861C-574B-4DB0-B9C8-D78E18878A56}.Debug|Any CPU.ActiveCfg = Debug|Any CPU
		{8F5A861C-574B-4DB0-B9C8-D78E18878A56}.Debug|Any CPU.Build.0 = Debug|Any CPU
		{8F5A861C-574B-4DB0-B9C8-D78E18878A56}.Release|Any CPU.ActiveCfg = Release|Any CPU
		{8F5A861C-574B-4DB0-B9C8-D78E18878A56}.Release|Any CPU.Build.0 = Release|Any CPU
		{C07141B9-96A4-4128-AF0E-E80AF91631C5}.Debug|Any CPU.ActiveCfg = Debug|Any CPU
		{C07141B9-96A4-4128-AF0E-E80AF91631C5}.Debug|Any CPU.Build.0 = Debug|Any CPU
		{C07141B9-96A4-4128-AF0E-E80AF91631C5}.Release|Any CPU.ActiveCfg = Release|Any CPU
		{C07141B9-96A4-4128-AF0E-E80AF91631C5}.Release|Any CPU.Build.0 = Release|Any CPU
	EndGlobalSection
	GlobalSection(SolutionProperties) = preSolution
		HideSolutionNode = FALSE
	EndGlobalSection
	GlobalSection(ExtensibilityGlobals) = postSolution
		SolutionGuid = {A5683A72-6A58-483E-95EB-74F2F96AF96A}
	EndGlobalSection
EndGlobal
