
Microsoft Visual Studio Solution File, Format Version 12.00
# Visual Studio Version 16
VisualStudioVersion = 16.0.30128.74
MinimumVisualStudioVersion = 10.0.40219.1
Project("{FAE04EC0-301F-11D3-BF4B-00C04F79EFBC}") = "ToDoApp", "ToDoApp.csproj", "{BF18DE0E-3378-4023-9667-BA898467C8DC}"
EndProject
Project("{FAE04EC0-301F-11D3-BF4B-00C04F79EFBC}") = "ToDoAppData", "..\ToDoAppData\ToDoAppData.csproj", "{7994991C-2604-48A1-B575-B382DD08EF54}"
EndProject
Project("{FAE04EC0-301F-11D3-BF4B-00C04F79EFBC}") = "Logic", "..\Logic\Logic.csproj", "{B69C9DE9-02E7-4BAD-8817-85A9DFEF094B}"
EndProject
Global
	GlobalSection(SolutionConfigurationPlatforms) = preSolution
		Debug|Any CPU = Debug|Any CPU
		Release|Any CPU = Release|Any CPU
	EndGlobalSection
	GlobalSection(ProjectConfigurationPlatforms) = postSolution
		{BF18DE0E-3378-4023-9667-BA898467C8DC}.Debug|Any CPU.ActiveCfg = Debug|Any CPU
		{BF18DE0E-3378-4023-9667-BA898467C8DC}.Debug|Any CPU.Build.0 = Debug|Any CPU
		{BF18DE0E-3378-4023-9667-BA898467C8DC}.Release|Any CPU.ActiveCfg = Release|Any CPU
		{BF18DE0E-3378-4023-9667-BA898467C8DC}.Release|Any CPU.Build.0 = Release|Any CPU
		{7994991C-2604-48A1-B575-B382DD08EF54}.Debug|Any CPU.ActiveCfg = Debug|Any CPU
		{7994991C-2604-48A1-B575-B382DD08EF54}.Debug|Any CPU.Build.0 = Debug|Any CPU
		{7994991C-2604-48A1-B575-B382DD08EF54}.Release|Any CPU.ActiveCfg = Release|Any CPU
		{7994991C-2604-48A1-B575-B382DD08EF54}.Release|Any CPU.Build.0 = Release|Any CPU
		{B69C9DE9-02E7-4BAD-8817-85A9DFEF094B}.Debug|Any CPU.ActiveCfg = Debug|Any CPU
		{B69C9DE9-02E7-4BAD-8817-85A9DFEF094B}.Debug|Any CPU.Build.0 = Debug|Any CPU
		{B69C9DE9-02E7-4BAD-8817-85A9DFEF094B}.Release|Any CPU.ActiveCfg = Release|Any CPU
		{B69C9DE9-02E7-4BAD-8817-85A9DFEF094B}.Release|Any CPU.Build.0 = Release|Any CPU
	EndGlobalSection
	GlobalSection(SolutionProperties) = preSolution
		HideSolutionNode = FALSE
	EndGlobalSection
	GlobalSection(ExtensibilityGlobals) = postSolution
		SolutionGuid = {E93FA5E9-D1DE-495C-9E21-41D9067F1FBD}
	EndGlobalSection
EndGlobal
